// !$*UTF8*$!
{
	archiveVersion = 1;
	classes = {
	};
	objectVersion = 46;
	objects = {

/* Begin PBXBuildFile section */
		C506388E1A91E18C00F39D63 /* main.m in Sources */ = {isa = PBXBuildFile; fileRef = C506388D1A91E18C00F39D63 /* main.m */; };
		C50638911A91E18C00F39D63 /* AppDelegate.m in Sources */ = {isa = PBXBuildFile; fileRef = C50638901A91E18C00F39D63 /* AppDelegate.m */; };
		C50638941A91E18C00F39D63 /* FeedViewController.m in Sources */ = {isa = PBXBuildFile; fileRef = C50638931A91E18C00F39D63 /* FeedViewController.m */; };
		C50638971A91E18C00F39D63 /* SecondViewController.m in Sources */ = {isa = PBXBuildFile; fileRef = C50638961A91E18C00F39D63 /* SecondViewController.m */; };
		C506389A1A91E18C00F39D63 /* Main.storyboard in Resources */ = {isa = PBXBuildFile; fileRef = C50638981A91E18C00F39D63 /* Main.storyboard */; };
		C506389C1A91E18C00F39D63 /* Images.xcassets in Resources */ = {isa = PBXBuildFile; fileRef = C506389B1A91E18C00F39D63 /* Images.xcassets */; };
		C506389F1A91E18C00F39D63 /* LaunchScreen.xib in Resources */ = {isa = PBXBuildFile; fileRef = C506389D1A91E18C00F39D63 /* LaunchScreen.xib */; };
		C50638AB1A91E18C00F39D63 /* wzupTests.m in Sources */ = {isa = PBXBuildFile; fileRef = C50638AA1A91E18C00F39D63 /* wzupTests.m */; };
		C590CFE31A937FFC003432D7 /* ApplicationController.m in Sources */ = {isa = PBXBuildFile; fileRef = C590CFD01A937FFC003432D7 /* ApplicationController.m */; };
		C590CFE41A937FFC003432D7 /* LoginController.m in Sources */ = {isa = PBXBuildFile; fileRef = C590CFD21A937FFC003432D7 /* LoginController.m */; };
		C590CFE51A937FFC003432D7 /* ApplicationHelper.m in Sources */ = {isa = PBXBuildFile; fileRef = C590CFD51A937FFC003432D7 /* ApplicationHelper.m */; };
		C590CFE61A937FFC003432D7 /* AuthHelper.m in Sources */ = {isa = PBXBuildFile; fileRef = C590CFD71A937FFC003432D7 /* AuthHelper.m */; };
		C590CFE71A937FFC003432D7 /* ConfigHelper.m in Sources */ = {isa = PBXBuildFile; fileRef = C590CFD91A937FFC003432D7 /* ConfigHelper.m */; };
		C590CFE81A937FFC003432D7 /* ParserHelper.m in Sources */ = {isa = PBXBuildFile; fileRef = C590CFDB1A937FFC003432D7 /* ParserHelper.m */; };
		C590CFE91A937FFC003432D7 /* SSKeychain.m in Sources */ = {isa = PBXBuildFile; fileRef = C590CFDE1A937FFC003432D7 /* SSKeychain.m */; };
		C590CFEA1A937FFC003432D7 /* SSKeychainQuery.m in Sources */ = {isa = PBXBuildFile; fileRef = C590CFE01A937FFC003432D7 /* SSKeychainQuery.m */; };
		C590CFF01A93A9E6003432D7 /* StartViewController.m in Sources */ = {isa = PBXBuildFile; fileRef = C590CFEF1A93A9E6003432D7 /* StartViewController.m */; };
		C590CFF31A94FC0D003432D7 /* LoginViewController.m in Sources */ = {isa = PBXBuildFile; fileRef = C590CFF21A94FC0D003432D7 /* LoginViewController.m */; };
		C590CFF61A977886003432D7 /* RegisterViewController.m in Sources */ = {isa = PBXBuildFile; fileRef = C590CFF51A977886003432D7 /* RegisterViewController.m */; };
		C590CFFC1A97905C003432D7 /* RegisterController.m in Sources */ = {isa = PBXBuildFile; fileRef = C590CFFB1A97905C003432D7 /* RegisterController.m */; };
		C590D0021A97B104003432D7 /* icon-ios7-arrow-back-128.png in Resources */ = {isa = PBXBuildFile; fileRef = C590D0011A97B104003432D7 /* icon-ios7-arrow-back-128.png */; };
		C5DFD5811A920A1800F37803 /* LoginModel.m in Sources */ = {isa = PBXBuildFile; fileRef = C5DFD5801A920A1800F37803 /* LoginModel.m */; };
/* End PBXBuildFile section */

/* Begin PBXContainerItemProxy section */
		C50638A51A91E18C00F39D63 /* PBXContainerItemProxy */ = {
			isa = PBXContainerItemProxy;
			containerPortal = C50638801A91E18C00F39D63 /* Project object */;
			proxyType = 1;
			remoteGlobalIDString = C50638871A91E18C00F39D63;
			remoteInfo = wzup;
		};
/* End PBXContainerItemProxy section */

/* Begin PBXFileReference section */
		C50638881A91E18C00F39D63 /* wzup.app */ = {isa = PBXFileReference; explicitFileType = wrapper.application; includeInIndex = 0; path = wzup.app; sourceTree = BUILT_PRODUCTS_DIR; };
		C506388C1A91E18C00F39D63 /* Info.plist */ = {isa = PBXFileReference; lastKnownFileType = text.plist.xml; path = Info.plist; sourceTree = "<group>"; };
		C506388D1A91E18C00F39D63 /* main.m */ = {isa = PBXFileReference; lastKnownFileType = sourcecode.c.objc; path = main.m; sourceTree = "<group>"; };
		C506388F1A91E18C00F39D63 /* AppDelegate.h */ = {isa = PBXFileReference; lastKnownFileType = sourcecode.c.h; path = AppDelegate.h; sourceTree = "<group>"; };
		C50638901A91E18C00F39D63 /* AppDelegate.m */ = {isa = PBXFileReference; lastKnownFileType = sourcecode.c.objc; path = AppDelegate.m; sourceTree = "<group>"; };
		C50638921A91E18C00F39D63 /* FeedViewController.h */ = {isa = PBXFileReference; lastKnownFileType = sourcecode.c.h; name = FeedViewController.h; path = ../../FeedViewController.h; sourceTree = "<group>"; };
		C50638931A91E18C00F39D63 /* FeedViewController.m */ = {isa = PBXFileReference; lastKnownFileType = sourcecode.c.objc; name = FeedViewController.m; path = ../../FeedViewController.m; sourceTree = "<group>"; };
		C50638951A91E18C00F39D63 /* SecondViewController.h */ = {isa = PBXFileReference; lastKnownFileType = sourcecode.c.h; path = SecondViewController.h; sourceTree = "<group>"; };
		C50638961A91E18C00F39D63 /* SecondViewController.m */ = {isa = PBXFileReference; lastKnownFileType = sourcecode.c.objc; path = SecondViewController.m; sourceTree = "<group>"; };
		C50638991A91E18C00F39D63 /* Base */ = {isa = PBXFileReference; lastKnownFileType = file.storyboard; name = Base; path = Base.lproj/Main.storyboard; sourceTree = "<group>"; };
		C506389B1A91E18C00F39D63 /* Images.xcassets */ = {isa = PBXFileReference; lastKnownFileType = folder.assetcatalog; path = Images.xcassets; sourceTree = "<group>"; };
		C506389E1A91E18C00F39D63 /* Base */ = {isa = PBXFileReference; lastKnownFileType = file.xib; name = Base; path = Base.lproj/LaunchScreen.xib; sourceTree = "<group>"; };
		C50638A41A91E18C00F39D63 /* wzupTests.xctest */ = {isa = PBXFileReference; explicitFileType = wrapper.cfbundle; includeInIndex = 0; path = wzupTests.xctest; sourceTree = BUILT_PRODUCTS_DIR; };
		C50638A91A91E18C00F39D63 /* Info.plist */ = {isa = PBXFileReference; lastKnownFileType = text.plist.xml; path = Info.plist; sourceTree = "<group>"; };
		C50638AA1A91E18C00F39D63 /* wzupTests.m */ = {isa = PBXFileReference; lastKnownFileType = sourcecode.c.objc; path = wzupTests.m; sourceTree = "<group>"; };
		C590CFCF1A937FFC003432D7 /* ApplicationController.h */ = {isa = PBXFileReference; fileEncoding = 4; lastKnownFileType = sourcecode.c.h; path = ApplicationController.h; sourceTree = "<group>"; };
		C590CFD01A937FFC003432D7 /* ApplicationController.m */ = {isa = PBXFileReference; fileEncoding = 4; lastKnownFileType = sourcecode.c.objc; path = ApplicationController.m; sourceTree = "<group>"; };
		C590CFD11A937FFC003432D7 /* LoginController.h */ = {isa = PBXFileReference; fileEncoding = 4; lastKnownFileType = sourcecode.c.h; path = LoginController.h; sourceTree = "<group>"; };
		C590CFD21A937FFC003432D7 /* LoginController.m */ = {isa = PBXFileReference; fileEncoding = 4; lastKnownFileType = sourcecode.c.objc; path = LoginController.m; sourceTree = "<group>"; };
		C590CFD41A937FFC003432D7 /* ApplicationHelper.h */ = {isa = PBXFileReference; fileEncoding = 4; lastKnownFileType = sourcecode.c.h; path = ApplicationHelper.h; sourceTree = "<group>"; };
		C590CFD51A937FFC003432D7 /* ApplicationHelper.m */ = {isa = PBXFileReference; fileEncoding = 4; lastKnownFileType = sourcecode.c.objc; path = ApplicationHelper.m; sourceTree = "<group>"; };
		C590CFD61A937FFC003432D7 /* AuthHelper.h */ = {isa = PBXFileReference; fileEncoding = 4; lastKnownFileType = sourcecode.c.h; path = AuthHelper.h; sourceTree = "<group>"; };
		C590CFD71A937FFC003432D7 /* AuthHelper.m */ = {isa = PBXFileReference; fileEncoding = 4; lastKnownFileType = sourcecode.c.objc; path = AuthHelper.m; sourceTree = "<group>"; };
		C590CFD81A937FFC003432D7 /* ConfigHelper.h */ = {isa = PBXFileReference; fileEncoding = 4; lastKnownFileType = sourcecode.c.h; path = ConfigHelper.h; sourceTree = "<group>"; };
		C590CFD91A937FFC003432D7 /* ConfigHelper.m */ = {isa = PBXFileReference; fileEncoding = 4; lastKnownFileType = sourcecode.c.objc; path = ConfigHelper.m; sourceTree = "<group>"; };
		C590CFDA1A937FFC003432D7 /* ParserHelper.h */ = {isa = PBXFileReference; fileEncoding = 4; lastKnownFileType = sourcecode.c.h; path = ParserHelper.h; sourceTree = "<group>"; };
		C590CFDB1A937FFC003432D7 /* ParserHelper.m */ = {isa = PBXFileReference; fileEncoding = 4; lastKnownFileType = sourcecode.c.objc; path = ParserHelper.m; sourceTree = "<group>"; };
		C590CFDD1A937FFC003432D7 /* SSKeychain.h */ = {isa = PBXFileReference; fileEncoding = 4; lastKnownFileType = sourcecode.c.h; path = SSKeychain.h; sourceTree = "<group>"; };
		C590CFDE1A937FFC003432D7 /* SSKeychain.m */ = {isa = PBXFileReference; fileEncoding = 4; lastKnownFileType = sourcecode.c.objc; path = SSKeychain.m; sourceTree = "<group>"; };
		C590CFDF1A937FFC003432D7 /* SSKeychainQuery.h */ = {isa = PBXFileReference; fileEncoding = 4; lastKnownFileType = sourcecode.c.h; path = SSKeychainQuery.h; sourceTree = "<group>"; };
		C590CFE01A937FFC003432D7 /* SSKeychainQuery.m */ = {isa = PBXFileReference; fileEncoding = 4; lastKnownFileType = sourcecode.c.objc; path = SSKeychainQuery.m; sourceTree = "<group>"; };
		C590CFEE1A93A9E6003432D7 /* StartViewController.h */ = {isa = PBXFileReference; fileEncoding = 4; lastKnownFileType = sourcecode.c.h; name = StartViewController.h; path = ../../../StartViewController.h; sourceTree = "<group>"; };
		C590CFEF1A93A9E6003432D7 /* StartViewController.m */ = {isa = PBXFileReference; fileEncoding = 4; lastKnownFileType = sourcecode.c.objc; name = StartViewController.m; path = ../../../StartViewController.m; sourceTree = "<group>"; };
		C590CFF11A94FC0D003432D7 /* LoginViewController.h */ = {isa = PBXFileReference; fileEncoding = 4; lastKnownFileType = sourcecode.c.h; name = LoginViewController.h; path = ../../../LoginViewController.h; sourceTree = "<group>"; };
		C590CFF21A94FC0D003432D7 /* LoginViewController.m */ = {isa = PBXFileReference; fileEncoding = 4; lastKnownFileType = sourcecode.c.objc; name = LoginViewController.m; path = ../../../LoginViewController.m; sourceTree = "<group>"; };
		C590CFF41A977886003432D7 /* RegisterViewController.h */ = {isa = PBXFileReference; fileEncoding = 4; lastKnownFileType = sourcecode.c.h; path = RegisterViewController.h; sourceTree = "<group>"; };
		C590CFF51A977886003432D7 /* RegisterViewController.m */ = {isa = PBXFileReference; fileEncoding = 4; lastKnownFileType = sourcecode.c.objc; path = RegisterViewController.m; sourceTree = "<group>"; };
		C590CFFA1A97905C003432D7 /* RegisterController.h */ = {isa = PBXFileReference; fileEncoding = 4; lastKnownFileType = sourcecode.c.h; path = RegisterController.h; sourceTree = "<group>"; };
		C590CFFB1A97905C003432D7 /* RegisterController.m */ = {isa = PBXFileReference; fileEncoding = 4; lastKnownFileType = sourcecode.c.objc; path = RegisterController.m; sourceTree = "<group>"; };
		C590D0011A97B104003432D7 /* icon-ios7-arrow-back-128.png */ = {isa = PBXFileReference; lastKnownFileType = image.png; name = "icon-ios7-arrow-back-128.png"; path = "../../../../Downloads/icon-ios7-arrow-back-128.png"; sourceTree = "<group>"; };
		C5DFD57F1A920A1800F37803 /* LoginModel.h */ = {isa = PBXFileReference; fileEncoding = 4; lastKnownFileType = sourcecode.c.h; path = LoginModel.h; sourceTree = "<group>"; };
		C5DFD5801A920A1800F37803 /* LoginModel.m */ = {isa = PBXFileReference; fileEncoding = 4; lastKnownFileType = sourcecode.c.objc; path = LoginModel.m; sourceTree = "<group>"; };
/* End PBXFileReference section */

/* Begin PBXFrameworksBuildPhase section */
		C50638851A91E18C00F39D63 /* Frameworks */ = {
			isa = PBXFrameworksBuildPhase;
			buildActionMask = 2147483647;
			files = (
			);
			runOnlyForDeploymentPostprocessing = 0;
		};
		C50638A11A91E18C00F39D63 /* Frameworks */ = {
			isa = PBXFrameworksBuildPhase;
			buildActionMask = 2147483647;
			files = (
			);
			runOnlyForDeploymentPostprocessing = 0;
		};
/* End PBXFrameworksBuildPhase section */

/* Begin PBXGroup section */
		C506387F1A91E18C00F39D63 = {
			isa = PBXGroup;
			children = (
				C506388A1A91E18C00F39D63 /* wzup */,
				C50638A71A91E18C00F39D63 /* wzupTests */,
				C50638891A91E18C00F39D63 /* Products */,
			);
			sourceTree = "<group>";
		};
		C50638891A91E18C00F39D63 /* Products */ = {
			isa = PBXGroup;
			children = (
				C50638881A91E18C00F39D63 /* wzup.app */,
				C50638A41A91E18C00F39D63 /* wzupTests.xctest */,
			);
			name = Products;
			sourceTree = "<group>";
		};
		C506388A1A91E18C00F39D63 /* wzup */ = {
			isa = PBXGroup;
			children = (
				C590CFCD1A937FFC003432D7 /* app */,
				C506388F1A91E18C00F39D63 /* AppDelegate.h */,
				C50638901A91E18C00F39D63 /* AppDelegate.m */,
				C50638951A91E18C00F39D63 /* SecondViewController.h */,
				C50638961A91E18C00F39D63 /* SecondViewController.m */,
				C50638981A91E18C00F39D63 /* Main.storyboard */,
				C506389B1A91E18C00F39D63 /* Images.xcassets */,
				C506389D1A91E18C00F39D63 /* LaunchScreen.xib */,
				C506388B1A91E18C00F39D63 /* Supporting Files */,
				C5DFD57F1A920A1800F37803 /* LoginModel.h */,
				C5DFD5801A920A1800F37803 /* LoginModel.m */,
			);
			path = wzup;
			sourceTree = "<group>";
		};
		C506388B1A91E18C00F39D63 /* Supporting Files */ = {
			isa = PBXGroup;
			children = (
				C506388C1A91E18C00F39D63 /* Info.plist */,
				C506388D1A91E18C00F39D63 /* main.m */,
			);
			name = "Supporting Files";
			sourceTree = "<group>";
		};
		C50638A71A91E18C00F39D63 /* wzupTests */ = {
			isa = PBXGroup;
			children = (
				C50638AA1A91E18C00F39D63 /* wzupTests.m */,
				C50638A81A91E18C00F39D63 /* Supporting Files */,
			);
			path = wzupTests;
			sourceTree = "<group>";
		};
		C50638A81A91E18C00F39D63 /* Supporting Files */ = {
			isa = PBXGroup;
			children = (
				C50638A91A91E18C00F39D63 /* Info.plist */,
			);
			name = "Supporting Files";
			sourceTree = "<group>";
		};
		C590CFCD1A937FFC003432D7 /* app */ = {
			isa = PBXGroup;
			children = (
				C590D0001A97B0F3003432D7 /* resources */,
				C590CFCE1A937FFC003432D7 /* controllers */,
				C590CFD31A937FFC003432D7 /* helpers */,
				C590CFDC1A937FFC003432D7 /* lib */,
				C590CFE11A937FFC003432D7 /* models */,
				C590CFE21A937FFC003432D7 /* views */,
			);
			path = app;
			sourceTree = "<group>";
		};
		C590CFCE1A937FFC003432D7 /* controllers */ = {
			isa = PBXGroup;
			children = (
				C590CFCF1A937FFC003432D7 /* ApplicationController.h */,
				C590CFD01A937FFC003432D7 /* ApplicationController.m */,
				C590CFD11A937FFC003432D7 /* LoginController.h */,
				C590CFD21A937FFC003432D7 /* LoginController.m */,
				C590CFFA1A97905C003432D7 /* RegisterController.h */,
				C590CFFB1A97905C003432D7 /* RegisterController.m */,
			);
			path = controllers;
			sourceTree = "<group>";
		};
		C590CFD31A937FFC003432D7 /* helpers */ = {
			isa = PBXGroup;
			children = (
				C590CFD41A937FFC003432D7 /* ApplicationHelper.h */,
				C590CFD51A937FFC003432D7 /* ApplicationHelper.m */,
				C590CFD61A937FFC003432D7 /* AuthHelper.h */,
				C590CFD71A937FFC003432D7 /* AuthHelper.m */,
				C590CFD81A937FFC003432D7 /* ConfigHelper.h */,
				C590CFD91A937FFC003432D7 /* ConfigHelper.m */,
				C590CFDA1A937FFC003432D7 /* ParserHelper.h */,
				C590CFDB1A937FFC003432D7 /* ParserHelper.m */,
			);
			path = helpers;
			sourceTree = "<group>";
		};
		C590CFDC1A937FFC003432D7 /* lib */ = {
			isa = PBXGroup;
			children = (
				C590CFDD1A937FFC003432D7 /* SSKeychain.h */,
				C590CFDE1A937FFC003432D7 /* SSKeychain.m */,
				C590CFDF1A937FFC003432D7 /* SSKeychainQuery.h */,
				C590CFE01A937FFC003432D7 /* SSKeychainQuery.m */,
			);
			path = lib;
			sourceTree = "<group>";
		};
		C590CFE11A937FFC003432D7 /* models */ = {
			isa = PBXGroup;
			children = (
			);
			path = models;
			sourceTree = "<group>";
		};
		C590CFE21A937FFC003432D7 /* views */ = {
			isa = PBXGroup;
			children = (
				C590CFEE1A93A9E6003432D7 /* StartViewController.h */,
				C590CFEF1A93A9E6003432D7 /* StartViewController.m */,
				C50638921A91E18C00F39D63 /* FeedViewController.h */,
				C50638931A91E18C00F39D63 /* FeedViewController.m */,
				C590CFF11A94FC0D003432D7 /* LoginViewController.h */,
				C590CFF21A94FC0D003432D7 /* LoginViewController.m */,
				C590CFF41A977886003432D7 /* RegisterViewController.h */,
				C590CFF51A977886003432D7 /* RegisterViewController.m */,
			);
			path = views;
			sourceTree = "<group>";
		};
		C590D0001A97B0F3003432D7 /* resources */ = {
			isa = PBXGroup;
			children = (
				C590D0011A97B104003432D7 /* icon-ios7-arrow-back-128.png */,
			);
			name = resources;
			sourceTree = "<group>";
		};
/* End PBXGroup section */

/* Begin PBXNativeTarget section */
		C50638871A91E18C00F39D63 /* wzup */ = {
			isa = PBXNativeTarget;
			buildConfigurationList = C50638AE1A91E18C00F39D63 /* Build configuration list for PBXNativeTarget "wzup" */;
			buildPhases = (
				C50638841A91E18C00F39D63 /* Sources */,
				C50638851A91E18C00F39D63 /* Frameworks */,
				C50638861A91E18C00F39D63 /* Resources */,
			);
			buildRules = (
			);
			dependencies = (
			);
			name = wzup;
			productName = wzup;
			productReference = C50638881A91E18C00F39D63 /* wzup.app */;
			productType = "com.apple.product-type.application";
		};
		C50638A31A91E18C00F39D63 /* wzupTests */ = {
			isa = PBXNativeTarget;
			buildConfigurationList = C50638B11A91E18C00F39D63 /* Build configuration list for PBXNativeTarget "wzupTests" */;
			buildPhases = (
				C50638A01A91E18C00F39D63 /* Sources */,
				C50638A11A91E18C00F39D63 /* Frameworks */,
				C50638A21A91E18C00F39D63 /* Resources */,
			);
			buildRules = (
			);
			dependencies = (
				C50638A61A91E18C00F39D63 /* PBXTargetDependency */,
			);
			name = wzupTests;
			productName = wzupTests;
			productReference = C50638A41A91E18C00F39D63 /* wzupTests.xctest */;
			productType = "com.apple.product-type.bundle.unit-test";
		};
/* End PBXNativeTarget section */

/* Begin PBXProject section */
		C50638801A91E18C00F39D63 /* Project object */ = {
			isa = PBXProject;
			attributes = {
				LastUpgradeCheck = 0610;
				ORGANIZATIONNAME = ddev;
				TargetAttributes = {
					C50638871A91E18C00F39D63 = {
						CreatedOnToolsVersion = 6.1.1;
						DevelopmentTeam = G3J75RMARR;
					};
					C50638A31A91E18C00F39D63 = {
						CreatedOnToolsVersion = 6.1.1;
						TestTargetID = C50638871A91E18C00F39D63;
					};
				};
			};
			buildConfigurationList = C50638831A91E18C00F39D63 /* Build configuration list for PBXProject "wzup" */;
			compatibilityVersion = "Xcode 3.2";
			developmentRegion = English;
			hasScannedForEncodings = 0;
			knownRegions = (
				en,
				Base,
			);
			mainGroup = C506387F1A91E18C00F39D63;
			productRefGroup = C50638891A91E18C00F39D63 /* Products */;
			projectDirPath = "";
			projectRoot = "";
			targets = (
				C50638871A91E18C00F39D63 /* wzup */,
				C50638A31A91E18C00F39D63 /* wzupTests */,
			);
		};
/* End PBXProject section */

/* Begin PBXResourcesBuildPhase section */
		C50638861A91E18C00F39D63 /* Resources */ = {
			isa = PBXResourcesBuildPhase;
			buildActionMask = 2147483647;
			files = (
				C506389A1A91E18C00F39D63 /* Main.storyboard in Resources */,
				C590D0021A97B104003432D7 /* icon-ios7-arrow-back-128.png in Resources */,
				C506389F1A91E18C00F39D63 /* LaunchScreen.xib in Resources */,
				C506389C1A91E18C00F39D63 /* Images.xcassets in Resources */,
			);
			runOnlyForDeploymentPostprocessing = 0;
		};
		C50638A21A91E18C00F39D63 /* Resources */ = {
			isa = PBXResourcesBuildPhase;
			buildActionMask = 2147483647;
			files = (
			);
			runOnlyForDeploymentPostprocessing = 0;
		};
/* End PBXResourcesBuildPhase section */

/* Begin PBXSourcesBuildPhase section */
		C50638841A91E18C00F39D63 /* Sources */ = {
			isa = PBXSourcesBuildPhase;
			buildActionMask = 2147483647;
			files = (
				C590CFEA1A937FFC003432D7 /* SSKeychainQuery.m in Sources */,
				C590CFE41A937FFC003432D7 /* LoginController.m in Sources */,
				C590CFE31A937FFC003432D7 /* ApplicationController.m in Sources */,
				C590CFF01A93A9E6003432D7 /* StartViewController.m in Sources */,
				C590CFE51A937FFC003432D7 /* ApplicationHelper.m in Sources */,
				C590CFE71A937FFC003432D7 /* ConfigHelper.m in Sources */,
				C590CFE81A937FFC003432D7 /* ParserHelper.m in Sources */,
				C590CFF61A977886003432D7 /* RegisterViewController.m in Sources */,
				C590CFE91A937FFC003432D7 /* SSKeychain.m in Sources */,
				C590CFE61A937FFC003432D7 /* AuthHelper.m in Sources */,
				C50638971A91E18C00F39D63 /* SecondViewController.m in Sources */,
				C50638911A91E18C00F39D63 /* AppDelegate.m in Sources */,
				C50638941A91E18C00F39D63 /* FeedViewController.m in Sources */,
				C506388E1A91E18C00F39D63 /* main.m in Sources */,
				C590CFFC1A97905C003432D7 /* RegisterController.m in Sources */,
				C5DFD5811A920A1800F37803 /* LoginModel.m in Sources */,
				C590CFF31A94FC0D003432D7 /* LoginViewController.m in Sources */,
			);
			runOnlyForDeploymentPostprocessing = 0;
		};
		C50638A01A91E18C00F39D63 /* Sources */ = {
			isa = PBXSourcesBuildPhase;
			buildActionMask = 2147483647;
			files = (
				C50638AB1A91E18C00F39D63 /* wzupTests.m in Sources */,
			);
			runOnlyForDeploymentPostprocessing = 0;
		};
/* End PBXSourcesBuildPhase section */

/* Begin PBXTargetDependency section */
		C50638A61A91E18C00F39D63 /* PBXTargetDependency */ = {
			isa = PBXTargetDependency;
			target = C50638871A91E18C00F39D63 /* wzup */;
			targetProxy = C50638A51A91E18C00F39D63 /* PBXContainerItemProxy */;
		};
/* End PBXTargetDependency section */

/* Begin PBXVariantGroup section */
		C50638981A91E18C00F39D63 /* Main.storyboard */ = {
			isa = PBXVariantGroup;
			children = (
				C50638991A91E18C00F39D63 /* Base */,
			);
			name = Main.storyboard;
			sourceTree = "<group>";
		};
		C506389D1A91E18C00F39D63 /* LaunchScreen.xib */ = {
			isa = PBXVariantGroup;
			children = (
				C506389E1A91E18C00F39D63 /* Base */,
			);
			name = LaunchScreen.xib;
			sourceTree = "<group>";
		};
/* End PBXVariantGroup section */

/* Begin XCBuildConfiguration section */
		C50638AC1A91E18C00F39D63 /* Debug */ = {
			isa = XCBuildConfiguration;
			buildSettings = {
				ALWAYS_SEARCH_USER_PATHS = NO;
				CLANG_CXX_LANGUAGE_STANDARD = "gnu++0x";
				CLANG_CXX_LIBRARY = "libc++";
				CLANG_ENABLE_MODULES = YES;
				CLANG_ENABLE_OBJC_ARC = YES;
				CLANG_WARN_BOOL_CONVERSION = YES;
				CLANG_WARN_CONSTANT_CONVERSION = YES;
				CLANG_WARN_DIRECT_OBJC_ISA_USAGE = YES_ERROR;
				CLANG_WARN_EMPTY_BODY = YES;
				CLANG_WARN_ENUM_CONVERSION = YES;
				CLANG_WARN_INT_CONVERSION = YES;
				CLANG_WARN_OBJC_ROOT_CLASS = YES_ERROR;
				CLANG_WARN_UNREACHABLE_CODE = YES;
				CLANG_WARN__DUPLICATE_METHOD_MATCH = YES;
				"CODE_SIGN_IDENTITY[sdk=iphoneos*]" = "iPhone Developer";
				COPY_PHASE_STRIP = NO;
				ENABLE_STRICT_OBJC_MSGSEND = YES;
				GCC_C_LANGUAGE_STANDARD = gnu99;
				GCC_DYNAMIC_NO_PIC = NO;
				GCC_OPTIMIZATION_LEVEL = 0;
				GCC_PREPROCESSOR_DEFINITIONS = (
					"DEBUG=1",
					"$(inherited)",
				);
				GCC_SYMBOLS_PRIVATE_EXTERN = NO;
				GCC_WARN_64_TO_32_BIT_CONVERSION = YES;
				GCC_WARN_ABOUT_RETURN_TYPE = YES_ERROR;
				GCC_WARN_UNDECLARED_SELECTOR = YES;
				GCC_WARN_UNINITIALIZED_AUTOS = YES_AGGRESSIVE;
				GCC_WARN_UNUSED_FUNCTION = YES;
				GCC_WARN_UNUSED_VARIABLE = YES;
				IPHONEOS_DEPLOYMENT_TARGET = 8.1;
				MTL_ENABLE_DEBUG_INFO = YES;
				ONLY_ACTIVE_ARCH = YES;
				SDKROOT = iphoneos;
			};
			name = Debug;
		};
		C50638AD1A91E18C00F39D63 /* Release */ = {
			isa = XCBuildConfiguration;
			buildSettings = {
				ALWAYS_SEARCH_USER_PATHS = NO;
				CLANG_CXX_LANGUAGE_STANDARD = "gnu++0x";
				CLANG_CXX_LIBRARY = "libc++";
				CLANG_ENABLE_MODULES = YES;
				CLANG_ENABLE_OBJC_ARC = YES;
				CLANG_WARN_BOOL_CONVERSION = YES;
				CLANG_WARN_CONSTANT_CONVERSION = YES;
				CLANG_WARN_DIRECT_OBJC_ISA_USAGE = YES_ERROR;
				CLANG_WARN_EMPTY_BODY = YES;
				CLANG_WARN_ENUM_CONVERSION = YES;
				CLANG_WARN_INT_CONVERSION = YES;
				CLANG_WARN_OBJC_ROOT_CLASS = YES_ERROR;
				CLANG_WARN_UNREACHABLE_CODE = YES;
				CLANG_WARN__DUPLICATE_METHOD_MATCH = YES;
				"CODE_SIGN_IDENTITY[sdk=iphoneos*]" = "iPhone Developer";
				COPY_PHASE_STRIP = YES;
				ENABLE_NS_ASSERTIONS = NO;
				ENABLE_STRICT_OBJC_MSGSEND = YES;
				GCC_C_LANGUAGE_STANDARD = gnu99;
				GCC_WARN_64_TO_32_BIT_CONVERSION = YES;
				GCC_WARN_ABOUT_RETURN_TYPE = YES_ERROR;
				GCC_WARN_UNDECLARED_SELECTOR = YES;
				GCC_WARN_UNINITIALIZED_AUTOS = YES_AGGRESSIVE;
				GCC_WARN_UNUSED_FUNCTION = YES;
				GCC_WARN_UNUSED_VARIABLE = YES;
				IPHONEOS_DEPLOYMENT_TARGET = 8.1;
				MTL_ENABLE_DEBUG_INFO = NO;
				SDKROOT = iphoneos;
				VALIDATE_PRODUCT = YES;
			};
			name = Release;
		};
		C50638AF1A91E18C00F39D63 /* Debug */ = {
			isa = XCBuildConfiguration;
			buildSettings = {
				ASSETCATALOG_COMPILER_APPICON_NAME = AppIcon;
				INFOPLIST_FILE = wzup/Info.plist;
				LD_RUNPATH_SEARCH_PATHS = "$(inherited) @executable_path/Frameworks";
				PRODUCT_NAME = "$(TARGET_NAME)";
			};
			name = Debug;
		};
		C50638B01A91E18C00F39D63 /* Release */ = {
			isa = XCBuildConfiguration;
			buildSettings = {
				ASSETCATALOG_COMPILER_APPICON_NAME = AppIcon;
				INFOPLIST_FILE = wzup/Info.plist;
				LD_RUNPATH_SEARCH_PATHS = "$(inherited) @executable_path/Frameworks";
				PRODUCT_NAME = "$(TARGET_NAME)";
			};
			name = Release;
		};
		C50638B21A91E18C00F39D63 /* Debug */ = {
			isa = XCBuildConfiguration;
			buildSettings = {
				BUNDLE_LOADER = "$(TEST_HOST)";
				FRAMEWORK_SEARCH_PATHS = (
					"$(SDKROOT)/Developer/Library/Frameworks",
					"$(inherited)",
				);
				GCC_PREPROCESSOR_DEFINITIONS = (
					"DEBUG=1",
					"$(inherited)",
				);
				INFOPLIST_FILE = wzupTests/Info.plist;
				LD_RUNPATH_SEARCH_PATHS = "$(inherited) @executable_path/Frameworks @loader_path/Frameworks";
				PRODUCT_NAME = "$(TARGET_NAME)";
				TEST_HOST = "$(BUILT_PRODUCTS_DIR)/wzup.app/wzup";
			};
			name = Debug;
		};
		C50638B31A91E18C00F39D63 /* Release */ = {
			isa = XCBuildConfiguration;
			buildSettings = {
				BUNDLE_LOADER = "$(TEST_HOST)";
				FRAMEWORK_SEARCH_PATHS = (
					"$(SDKROOT)/Developer/Library/Frameworks",
					"$(inherited)",
				);
				INFOPLIST_FILE = wzupTests/Info.plist;
				LD_RUNPATH_SEARCH_PATHS = "$(inherited) @executable_path/Frameworks @loader_path/Frameworks";
				PRODUCT_NAME = "$(TARGET_NAME)";
				TEST_HOST = "$(BUILT_PRODUCTS_DIR)/wzup.app/wzup";
			};
			name = Release;
		};
/* End XCBuildConfiguration section */

/* Begin XCConfigurationList section */
		C50638831A91E18C00F39D63 /* Build configuration list for PBXProject "wzup" */ = {
			isa = XCConfigurationList;
			buildConfigurations = (
				C50638AC1A91E18C00F39D63 /* Debug */,
				C50638AD1A91E18C00F39D63 /* Release */,
			);
			defaultConfigurationIsVisible = 0;
			defaultConfigurationName = Release;
		};
		C50638AE1A91E18C00F39D63 /* Build configuration list for PBXNativeTarget "wzup" */ = {
			isa = XCConfigurationList;
			buildConfigurations = (
				C50638AF1A91E18C00F39D63 /* Debug */,
				C50638B01A91E18C00F39D63 /* Release */,
			);
			defaultConfigurationIsVisible = 0;
			defaultConfigurationName = Release;
		};
		C50638B11A91E18C00F39D63 /* Build configuration list for PBXNativeTarget "wzupTests" */ = {
			isa = XCConfigurationList;
			buildConfigurations = (
				C50638B21A91E18C00F39D63 /* Debug */,
				C50638B31A91E18C00F39D63 /* Release */,
			);
			defaultConfigurationIsVisible = 0;
			defaultConfigurationName = Release;
		};
/* End XCConfigurationList section */
	};
	rootObject = C50638801A91E18C00F39D63 /* Project object */;
}
